
Microsoft Visual Studio Solution File, Format Version 12.00
# Visual Studio Version 17
VisualStudioVersion = 17.5.002.0
MinimumVisualStudioVersion = 10.0.40219.1
Project("{9A19103F-16F7-4668-BE54-9A1E7A4F7556}") = "User0332.IntTypes", "User0332.IntTypes.csproj", "{CC90DDAB-9174-4FED-B19A-B948D8118EE3}"
EndProject
Project("{FAE04EC0-301F-11D3-BF4B-00C04F79EFBC}") = "User0332.IntTypes.Tests", "..\User0332.IntTypes.Tests\User0332.IntTypes.Tests.csproj", "{C764ED32-98A6-4BD4-BE0B-A0FEF5E69FAE}"
EndProject
Global
	GlobalSection(SolutionConfigurationPlatforms) = preSolution
		Debug|Any CPU = Debug|Any CPU
		Release|Any CPU = Release|Any CPU
	EndGlobalSection
	GlobalSection(ProjectConfigurationPlatforms) = postSolution
		{CC90DDAB-9174-4FED-B19A-B948D8118EE3}.Debug|Any CPU.ActiveCfg = Debug|Any CPU
		{CC90DDAB-9174-4FED-B19A-B948D8118EE3}.Debug|Any CPU.Build.0 = Debug|Any CPU
		{CC90DDAB-9174-4FED-B19A-B948D8118EE3}.Release|Any CPU.ActiveCfg = Release|Any CPU
		{CC90DDAB-9174-4FED-B19A-B948D8118EE3}.Release|Any CPU.Build.0 = Release|Any CPU
		{C764ED32-98A6-4BD4-BE0B-A0FEF5E69FAE}.Debug|Any CPU.ActiveCfg = Debug|Any CPU
		{C764ED32-98A6-4BD4-BE0B-A0FEF5E69FAE}.Debug|Any CPU.Build.0 = Debug|Any CPU
		{C764ED32-98A6-4BD4-BE0B-A0FEF5E69FAE}.Release|Any CPU.ActiveCfg = Release|Any CPU
		{C764ED32-98A6-4BD4-BE0B-A0FEF5E69FAE}.Release|Any CPU.Build.0 = Release|Any CPU
	EndGlobalSection
	GlobalSection(SolutionProperties) = preSolution
		HideSolutionNode = FALSE
	EndGlobalSection
	GlobalSection(ExtensibilityGlobals) = postSolution
		SolutionGuid = {390559CD-33A2-4D08-B0D1-BE9A9DBFE296}
	EndGlobalSection
EndGlobal
